// !$*UTF8*$!
{
	archiveVersion = 1;
	classes = {
	};
	objectVersion = 55;
	objects = {

/* Begin PBXBuildFile section */
		991161B82804D6C0003EBAE3 /* Ext + Label.swift in Sources */ = {isa = PBXBuildFile; fileRef = 991161B72804D6C0003EBAE3 /* Ext + Label.swift */; };
		997A7FCF280072360055C9A4 /* Drink.swift in Sources */ = {isa = PBXBuildFile; fileRef = 997A7FCE280072360055C9A4 /* Drink.swift */; };
		997A7FD1280075900055C9A4 /* NetworkService.swift in Sources */ = {isa = PBXBuildFile; fileRef = 997A7FD0280075900055C9A4 /* NetworkService.swift */; };
		999F7ADC27FE506000DB86C3 /* AppDelegate.swift in Sources */ = {isa = PBXBuildFile; fileRef = 999F7ADB27FE506000DB86C3 /* AppDelegate.swift */; };
		999F7ADE27FE506000DB86C3 /* SceneDelegate.swift in Sources */ = {isa = PBXBuildFile; fileRef = 999F7ADD27FE506000DB86C3 /* SceneDelegate.swift */; };
		999F7AE027FE506000DB86C3 /* CoctailViewController.swift in Sources */ = {isa = PBXBuildFile; fileRef = 999F7ADF27FE506000DB86C3 /* CoctailViewController.swift */; };
		999F7AE527FE506300DB86C3 /* Assets.xcassets in Resources */ = {isa = PBXBuildFile; fileRef = 999F7AE427FE506300DB86C3 /* Assets.xcassets */; };
		999FF46D27FF8CBD00B20E10 /* Ext + String.swift in Sources */ = {isa = PBXBuildFile; fileRef = 999FF46C27FF8CBD00B20E10 /* Ext + String.swift */; };
		999FF46F27FF8F1C00B20E10 /* TagsCloud.swift in Sources */ = {isa = PBXBuildFile; fileRef = 999FF46E27FF8F1C00B20E10 /* TagsCloud.swift */; };
		99DAD1B02802FB7800FF49F2 /* CoctailNameTextField.swift in Sources */ = {isa = PBXBuildFile; fileRef = 99DAD1AF2802FB7800FF49F2 /* CoctailNameTextField.swift */; };
		B0AC335280E770F500148DDD /* Pods_CoctailAppTest.framework in Frameworks */ = {isa = PBXBuildFile; fileRef = 3604BAD2DF41D0789E1FC650 /* Pods_CoctailAppTest.framework */; };
/* End PBXBuildFile section */

/* Begin PBXFileReference section */
		3604BAD2DF41D0789E1FC650 /* Pods_CoctailAppTest.framework */ = {isa = PBXFileReference; explicitFileType = wrapper.framework; includeInIndex = 0; path = Pods_CoctailAppTest.framework; sourceTree = BUILT_PRODUCTS_DIR; };
		3D3A08AE5D08CA4CBCF29184 /* Pods-CoctailAppTest.debug.xcconfig */ = {isa = PBXFileReference; includeInIndex = 1; lastKnownFileType = text.xcconfig; name = "Pods-CoctailAppTest.debug.xcconfig"; path = "Target Support Files/Pods-CoctailAppTest/Pods-CoctailAppTest.debug.xcconfig"; sourceTree = "<group>"; };
		58A575EE806B264F6040DB62 /* Pods-CoctailAppTest.release.xcconfig */ = {isa = PBXFileReference; includeInIndex = 1; lastKnownFileType = text.xcconfig; name = "Pods-CoctailAppTest.release.xcconfig"; path = "Target Support Files/Pods-CoctailAppTest/Pods-CoctailAppTest.release.xcconfig"; sourceTree = "<group>"; };
		991161B72804D6C0003EBAE3 /* Ext + Label.swift */ = {isa = PBXFileReference; lastKnownFileType = sourcecode.swift; path = "Ext + Label.swift"; sourceTree = "<group>"; };
		997A7FCE280072360055C9A4 /* Drink.swift */ = {isa = PBXFileReference; lastKnownFileType = sourcecode.swift; path = Drink.swift; sourceTree = "<group>"; };
		997A7FD0280075900055C9A4 /* NetworkService.swift */ = {isa = PBXFileReference; lastKnownFileType = sourcecode.swift; path = NetworkService.swift; sourceTree = "<group>"; };
		999F7AD827FE506000DB86C3 /* CoctailAppTest.app */ = {isa = PBXFileReference; explicitFileType = wrapper.application; includeInIndex = 0; path = CoctailAppTest.app; sourceTree = BUILT_PRODUCTS_DIR; };
		999F7ADB27FE506000DB86C3 /* AppDelegate.swift */ = {isa = PBXFileReference; lastKnownFileType = sourcecode.swift; path = AppDelegate.swift; sourceTree = "<group>"; };
		999F7ADD27FE506000DB86C3 /* SceneDelegate.swift */ = {isa = PBXFileReference; lastKnownFileType = sourcecode.swift; path = SceneDelegate.swift; sourceTree = "<group>"; };
		999F7ADF27FE506000DB86C3 /* CoctailViewController.swift */ = {isa = PBXFileReference; lastKnownFileType = sourcecode.swift; path = CoctailViewController.swift; sourceTree = "<group>"; };
		999F7AE427FE506300DB86C3 /* Assets.xcassets */ = {isa = PBXFileReference; lastKnownFileType = folder.assetcatalog; path = Assets.xcassets; sourceTree = "<group>"; };
		999F7AE927FE506300DB86C3 /* Info.plist */ = {isa = PBXFileReference; lastKnownFileType = text.plist.xml; path = Info.plist; sourceTree = "<group>"; };
		999FF46C27FF8CBD00B20E10 /* Ext + String.swift */ = {isa = PBXFileReference; lastKnownFileType = sourcecode.swift; path = "Ext + String.swift"; sourceTree = "<group>"; };
		999FF46E27FF8F1C00B20E10 /* TagsCloud.swift */ = {isa = PBXFileReference; lastKnownFileType = sourcecode.swift; path = TagsCloud.swift; sourceTree = "<group>"; };
		99DAD1AF2802FB7800FF49F2 /* CoctailNameTextField.swift */ = {isa = PBXFileReference; lastKnownFileType = sourcecode.swift; path = CoctailNameTextField.swift; sourceTree = "<group>"; };
/* End PBXFileReference section */

/* Begin PBXFrameworksBuildPhase section */
		999F7AD527FE506000DB86C3 /* Frameworks */ = {
			isa = PBXFrameworksBuildPhase;
			buildActionMask = 2147483647;
			files = (
				B0AC335280E770F500148DDD /* Pods_CoctailAppTest.framework in Frameworks */,
			);
			runOnlyForDeploymentPostprocessing = 0;
		};
/* End PBXFrameworksBuildPhase section */

/* Begin PBXGroup section */
		99131EA62CE0E272DBCEB73C /* Pods */ = {
			isa = PBXGroup;
			children = (
				3D3A08AE5D08CA4CBCF29184 /* Pods-CoctailAppTest.debug.xcconfig */,
				58A575EE806B264F6040DB62 /* Pods-CoctailAppTest.release.xcconfig */,
			);
			path = Pods;
			sourceTree = "<group>";
		};
		999F7ACF27FE506000DB86C3 = {
			isa = PBXGroup;
			children = (
				999F7ADA27FE506000DB86C3 /* CoctailAppTest */,
				999F7AD927FE506000DB86C3 /* Products */,
				99131EA62CE0E272DBCEB73C /* Pods */,
				A9ECA2EB5248298038854C68 /* Frameworks */,
			);
			sourceTree = "<group>";
		};
		999F7AD927FE506000DB86C3 /* Products */ = {
			isa = PBXGroup;
			children = (
				999F7AD827FE506000DB86C3 /* CoctailAppTest.app */,
			);
			name = Products;
			sourceTree = "<group>";
		};
		999F7ADA27FE506000DB86C3 /* CoctailAppTest */ = {
			isa = PBXGroup;
			children = (
				999F7ADB27FE506000DB86C3 /* AppDelegate.swift */,
				999F7ADD27FE506000DB86C3 /* SceneDelegate.swift */,
				999F7ADF27FE506000DB86C3 /* CoctailViewController.swift */,
				999FF46C27FF8CBD00B20E10 /* Ext + String.swift */,
				999FF46E27FF8F1C00B20E10 /* TagsCloud.swift */,
				99DAD1AF2802FB7800FF49F2 /* CoctailNameTextField.swift */,
				999F7AE427FE506300DB86C3 /* Assets.xcassets */,
				999F7AE927FE506300DB86C3 /* Info.plist */,
				997A7FCE280072360055C9A4 /* Drink.swift */,
				997A7FD0280075900055C9A4 /* NetworkService.swift */,
				991161B72804D6C0003EBAE3 /* Ext + Label.swift */,
			);
			path = CoctailAppTest;
			sourceTree = "<group>";
		};
		A9ECA2EB5248298038854C68 /* Frameworks */ = {
			isa = PBXGroup;
			children = (
				3604BAD2DF41D0789E1FC650 /* Pods_CoctailAppTest.framework */,
			);
			name = Frameworks;
			sourceTree = "<group>";
		};
/* End PBXGroup section */

/* Begin PBXNativeTarget section */
		999F7AD727FE506000DB86C3 /* CoctailAppTest */ = {
			isa = PBXNativeTarget;
			buildConfigurationList = 999F7AEC27FE506300DB86C3 /* Build configuration list for PBXNativeTarget "CoctailAppTest" */;
			buildPhases = (
				D64432C6416C47C7EA307C84 /* [CP] Check Pods Manifest.lock */,
				999F7AD427FE506000DB86C3 /* Sources */,
				999F7AD527FE506000DB86C3 /* Frameworks */,
				999F7AD627FE506000DB86C3 /* Resources */,
				69C39D2BCCAD9D085E0D126A /* [CP] Embed Pods Frameworks */,
			);
			buildRules = (
			);
			dependencies = (
			);
			name = CoctailAppTest;
			productName = CoctailAppTest;
			productReference = 999F7AD827FE506000DB86C3 /* CoctailAppTest.app */;
			productType = "com.apple.product-type.application";
		};
/* End PBXNativeTarget section */

/* Begin PBXProject section */
		999F7AD027FE506000DB86C3 /* Project object */ = {
			isa = PBXProject;
			attributes = {
				BuildIndependentTargetsInParallel = 1;
				LastSwiftUpdateCheck = 1330;
				LastUpgradeCheck = 1330;
				TargetAttributes = {
					999F7AD727FE506000DB86C3 = {
						CreatedOnToolsVersion = 13.3;
					};
				};
			};
			buildConfigurationList = 999F7AD327FE506000DB86C3 /* Build configuration list for PBXProject "CoctailAppTest" */;
			compatibilityVersion = "Xcode 13.0";
			developmentRegion = en;
			hasScannedForEncodings = 0;
			knownRegions = (
				en,
				Base,
			);
			mainGroup = 999F7ACF27FE506000DB86C3;
			productRefGroup = 999F7AD927FE506000DB86C3 /* Products */;
			projectDirPath = "";
			projectRoot = "";
			targets = (
				999F7AD727FE506000DB86C3 /* CoctailAppTest */,
			);
		};
/* End PBXProject section */

/* Begin PBXResourcesBuildPhase section */
		999F7AD627FE506000DB86C3 /* Resources */ = {
			isa = PBXResourcesBuildPhase;
			buildActionMask = 2147483647;
			files = (
				999F7AE527FE506300DB86C3 /* Assets.xcassets in Resources */,
			);
			runOnlyForDeploymentPostprocessing = 0;
		};
/* End PBXResourcesBuildPhase section */

/* Begin PBXShellScriptBuildPhase section */
		69C39D2BCCAD9D085E0D126A /* [CP] Embed Pods Frameworks */ = {
			isa = PBXShellScriptBuildPhase;
			buildActionMask = 2147483647;
			files = (
			);
			inputFileListPaths = (
				"${PODS_ROOT}/Target Support Files/Pods-CoctailAppTest/Pods-CoctailAppTest-frameworks-${CONFIGURATION}-input-files.xcfilelist",
			);
			name = "[CP] Embed Pods Frameworks";
			outputFileListPaths = (
				"${PODS_ROOT}/Target Support Files/Pods-CoctailAppTest/Pods-CoctailAppTest-frameworks-${CONFIGURATION}-output-files.xcfilelist",
			);
			runOnlyForDeploymentPostprocessing = 0;
			shellPath = /bin/sh;
			shellScript = "\"${PODS_ROOT}/Target Support Files/Pods-CoctailAppTest/Pods-CoctailAppTest-frameworks.sh\"\n";
			showEnvVarsInLog = 0;
		};
		D64432C6416C47C7EA307C84 /* [CP] Check Pods Manifest.lock */ = {
			isa = PBXShellScriptBuildPhase;
			buildActionMask = 2147483647;
			files = (
			);
			inputFileListPaths = (
			);
			inputPaths = (
				"${PODS_PODFILE_DIR_PATH}/Podfile.lock",
				"${PODS_ROOT}/Manifest.lock",
			);
			name = "[CP] Check Pods Manifest.lock";
			outputFileListPaths = (
			);
			outputPaths = (
				"$(DERIVED_FILE_DIR)/Pods-CoctailAppTest-checkManifestLockResult.txt",
			);
			runOnlyForDeploymentPostprocessing = 0;
			shellPath = /bin/sh;
			shellScript = "diff \"${PODS_PODFILE_DIR_PATH}/Podfile.lock\" \"${PODS_ROOT}/Manifest.lock\" > /dev/null\nif [ $? != 0 ] ; then\n    # print error to STDERR\n    echo \"error: The sandbox is not in sync with the Podfile.lock. Run 'pod install' or update your CocoaPods installation.\" >&2\n    exit 1\nfi\n# This output is used by Xcode 'outputs' to avoid re-running this script phase.\necho \"SUCCESS\" > \"${SCRIPT_OUTPUT_FILE_0}\"\n";
			showEnvVarsInLog = 0;
		};
/* End PBXShellScriptBuildPhase section */

/* Begin PBXSourcesBuildPhase section */
		999F7AD427FE506000DB86C3 /* Sources */ = {
			isa = PBXSourcesBuildPhase;
			buildActionMask = 2147483647;
			files = (
				999FF46F27FF8F1C00B20E10 /* TagsCloud.swift in Sources */,
				999FF46D27FF8CBD00B20E10 /* Ext + String.swift in Sources */,
				999F7AE027FE506000DB86C3 /* CoctailViewController.swift in Sources */,
				999F7ADC27FE506000DB86C3 /* AppDelegate.swift in Sources */,
				991161B82804D6C0003EBAE3 /* Ext + Label.swift in Sources */,
				997A7FCF280072360055C9A4 /* Drink.swift in Sources */,
				999F7ADE27FE506000DB86C3 /* SceneDelegate.swift in Sources */,
				99DAD1B02802FB7800FF49F2 /* CoctailNameTextField.swift in Sources */,
				997A7FD1280075900055C9A4 /* NetworkService.swift in Sources */,
			);
			runOnlyForDeploymentPostprocessing = 0;
		};
/* End PBXSourcesBuildPhase section */

/* Begin XCBuildConfiguration section */
		999F7AEA27FE506300DB86C3 /* Debug */ = {
			isa = XCBuildConfiguration;
			buildSettings = {
				ALWAYS_SEARCH_USER_PATHS = NO;
				CLANG_ANALYZER_NONNULL = YES;
				CLANG_ANALYZER_NUMBER_OBJECT_CONVERSION = YES_AGGRESSIVE;
				CLANG_CXX_LANGUAGE_STANDARD = "gnu++17";
				CLANG_ENABLE_MODULES = YES;
				CLANG_ENABLE_OBJC_ARC = YES;
				CLANG_ENABLE_OBJC_WEAK = YES;
				CLANG_WARN_BLOCK_CAPTURE_AUTORELEASING = YES;
				CLANG_WARN_BOOL_CONVERSION = YES;
				CLANG_WARN_COMMA = YES;
				CLANG_WARN_CONSTANT_CONVERSION = YES;
				CLANG_WARN_DEPRECATED_OBJC_IMPLEMENTATIONS = YES;
				CLANG_WARN_DIRECT_OBJC_ISA_USAGE = YES_ERROR;
				CLANG_WARN_DOCUMENTATION_COMMENTS = YES;
				CLANG_WARN_EMPTY_BODY = YES;
				CLANG_WARN_ENUM_CONVERSION = YES;
				CLANG_WARN_INFINITE_RECURSION = YES;
				CLANG_WARN_INT_CONVERSION = YES;
				CLANG_WARN_NON_LITERAL_NULL_CONVERSION = YES;
				CLANG_WARN_OBJC_IMPLICIT_RETAIN_SELF = YES;
				CLANG_WARN_OBJC_LITERAL_CONVERSION = YES;
				CLANG_WARN_OBJC_ROOT_CLASS = YES_ERROR;
				CLANG_WARN_QUOTED_INCLUDE_IN_FRAMEWORK_HEADER = YES;
				CLANG_WARN_RANGE_LOOP_ANALYSIS = YES;
				CLANG_WARN_STRICT_PROTOTYPES = YES;
				CLANG_WARN_SUSPICIOUS_MOVE = YES;
				CLANG_WARN_UNGUARDED_AVAILABILITY = YES_AGGRESSIVE;
				CLANG_WARN_UNREACHABLE_CODE = YES;
				CLANG_WARN__DUPLICATE_METHOD_MATCH = YES;
				COPY_PHASE_STRIP = NO;
				DEBUG_INFORMATION_FORMAT = dwarf;
				ENABLE_STRICT_OBJC_MSGSEND = YES;
				ENABLE_TESTABILITY = YES;
				GCC_C_LANGUAGE_STANDARD = gnu11;
				GCC_DYNAMIC_NO_PIC = NO;
				GCC_NO_COMMON_BLOCKS = YES;
				GCC_OPTIMIZATION_LEVEL = 0;
				GCC_PREPROCESSOR_DEFINITIONS = (
					"DEBUG=1",
					"$(inherited)",
				);
				GCC_WARN_64_TO_32_BIT_CONVERSION = YES;
				GCC_WARN_ABOUT_RETURN_TYPE = YES_ERROR;
				GCC_WARN_UNDECLARED_SELECTOR = YES;
				GCC_WARN_UNINITIALIZED_AUTOS = YES_AGGRESSIVE;
				GCC_WARN_UNUSED_FUNCTION = YES;
				GCC_WARN_UNUSED_VARIABLE = YES;
				IPHONEOS_DEPLOYMENT_TARGET = 15.4;
				MTL_ENABLE_DEBUG_INFO = INCLUDE_SOURCE;
				MTL_FAST_MATH = YES;
				ONLY_ACTIVE_ARCH = YES;
				SDKROOT = iphoneos;
				SWIFT_ACTIVE_COMPILATION_CONDITIONS = DEBUG;
				SWIFT_OPTIMIZATION_LEVEL = "-Onone";
			};
			name = Debug;
		};
		999F7AEB27FE506300DB86C3 /* Release */ = {
			isa = XCBuildConfiguration;
			buildSettings = {
				ALWAYS_SEARCH_USER_PATHS = NO;
				CLANG_ANALYZER_NONNULL = YES;
				CLANG_ANALYZER_NUMBER_OBJECT_CONVERSION = YES_AGGRESSIVE;
				CLANG_CXX_LANGUAGE_STANDARD = "gnu++17";
				CLANG_ENABLE_MODULES = YES;
				CLANG_ENABLE_OBJC_ARC = YES;
				CLANG_ENABLE_OBJC_WEAK = YES;
				CLANG_WARN_BLOCK_CAPTURE_AUTORELEASING = YES;
				CLANG_WARN_BOOL_CONVERSION = YES;
				CLANG_WARN_COMMA = YES;
				CLANG_WARN_CONSTANT_CONVERSION = YES;
				CLANG_WARN_DEPRECATED_OBJC_IMPLEMENTATIONS = YES;
				CLANG_WARN_DIRECT_OBJC_ISA_USAGE = YES_ERROR;
				CLANG_WARN_DOCUMENTATION_COMMENTS = YES;
				CLANG_WARN_EMPTY_BODY = YES;
				CLANG_WARN_ENUM_CONVERSION = YES;
				CLANG_WARN_INFINITE_RECURSION = YES;
				CLANG_WARN_INT_CONVERSION = YES;
				CLANG_WARN_NON_LITERAL_NULL_CONVERSION = YES;
				CLANG_WARN_OBJC_IMPLICIT_RETAIN_SELF = YES;
				CLANG_WARN_OBJC_LITERAL_CONVERSION = YES;
				CLANG_WARN_OBJC_ROOT_CLASS = YES_ERROR;
				CLANG_WARN_QUOTED_INCLUDE_IN_FRAMEWORK_HEADER = YES;
				CLANG_WARN_RANGE_LOOP_ANALYSIS = YES;
				CLANG_WARN_STRICT_PROTOTYPES = YES;
				CLANG_WARN_SUSPICIOUS_MOVE = YES;
				CLANG_WARN_UNGUARDED_AVAILABILITY = YES_AGGRESSIVE;
				CLANG_WARN_UNREACHABLE_CODE = YES;
				CLANG_WARN__DUPLICATE_METHOD_MATCH = YES;
				COPY_PHASE_STRIP = NO;
				DEBUG_INFORMATION_FORMAT = "dwarf-with-dsym";
				ENABLE_NS_ASSERTIONS = NO;
				ENABLE_STRICT_OBJC_MSGSEND = YES;
				GCC_C_LANGUAGE_STANDARD = gnu11;
				GCC_NO_COMMON_BLOCKS = YES;
				GCC_WARN_64_TO_32_BIT_CONVERSION = YES;
				GCC_WARN_ABOUT_RETURN_TYPE = YES_ERROR;
				GCC_WARN_UNDECLARED_SELECTOR = YES;
				GCC_WARN_UNINITIALIZED_AUTOS = YES_AGGRESSIVE;
				GCC_WARN_UNUSED_FUNCTION = YES;
				GCC_WARN_UNUSED_VARIABLE = YES;
				IPHONEOS_DEPLOYMENT_TARGET = 15.4;
				MTL_ENABLE_DEBUG_INFO = NO;
				MTL_FAST_MATH = YES;
				SDKROOT = iphoneos;
				SWIFT_COMPILATION_MODE = wholemodule;
				SWIFT_OPTIMIZATION_LEVEL = "-O";
				VALIDATE_PRODUCT = YES;
			};
			name = Release;
		};
		999F7AED27FE506300DB86C3 /* Debug */ = {
			isa = XCBuildConfiguration;
			baseConfigurationReference = 3D3A08AE5D08CA4CBCF29184 /* Pods-CoctailAppTest.debug.xcconfig */;
			buildSettings = {
				ASSETCATALOG_COMPILER_APPICON_NAME = AppIcon;
				ASSETCATALOG_COMPILER_GLOBAL_ACCENT_COLOR_NAME = AccentColor;
				CODE_SIGN_STYLE = Automatic;
				CURRENT_PROJECT_VERSION = 1;
				DEVELOPMENT_TEAM = 2753KP9756;
				GENERATE_INFOPLIST_FILE = YES;
				INFOPLIST_FILE = CoctailAppTest/Info.plist;
				INFOPLIST_KEY_UIApplicationSupportsIndirectInputEvents = YES;
				INFOPLIST_KEY_UILaunchStoryboardName = LaunchScreen;
				INFOPLIST_KEY_UISupportedInterfaceOrientations_iPad = "UIInterfaceOrientationPortrait UIInterfaceOrientationPortraitUpsideDown UIInterfaceOrientationLandscapeLeft UIInterfaceOrientationLandscapeRight";
				INFOPLIST_KEY_UISupportedInterfaceOrientations_iPhone = "UIInterfaceOrientationPortrait UIInterfaceOrientationLandscapeLeft UIInterfaceOrientationLandscapeRight";
				LD_RUNPATH_SEARCH_PATHS = (
					"$(inherited)",
					"@executable_path/Frameworks",
				);
				MARKETING_VERSION = 1.0;
				PRODUCT_BUNDLE_IDENTIFIER = "Task-list.CoctailAppTest";
				PRODUCT_NAME = "$(TARGET_NAME)";
				SWIFT_EMIT_LOC_STRINGS = YES;
				SWIFT_VERSION = 5.0;
				TARGETED_DEVICE_FAMILY = "1,2";
			};
			name = Debug;
		};
		999F7AEE27FE506300DB86C3 /* Release */ = {
			isa = XCBuildConfiguration;
			baseConfigurationReference = 58A575EE806B264F6040DB62 /* Pods-CoctailAppTest.release.xcconfig */;
			buildSettings = {
				ASSETCATALOG_COMPILER_APPICON_NAME = AppIcon;
				ASSETCATALOG_COMPILER_GLOBAL_ACCENT_COLOR_NAME = AccentColor;
				CODE_SIGN_STYLE = Automatic;
				CURRENT_PROJECT_VERSION = 1;
				DEVELOPMENT_TEAM = 2753KP9756;
				GENERATE_INFOPLIST_FILE = YES;
				INFOPLIST_FILE = CoctailAppTest/Info.plist;
				INFOPLIST_KEY_UIApplicationSupportsIndirectInputEvents = YES;
				INFOPLIST_KEY_UILaunchStoryboardName = LaunchScreen;
				INFOPLIST_KEY_UISupportedInterfaceOrientations_iPad = "UIInterfaceOrientationPortrait UIInterfaceOrientationPortraitUpsideDown UIInterfaceOrientationLandscapeLeft UIInterfaceOrientationLandscapeRight";
				INFOPLIST_KEY_UISupportedInterfaceOrientations_iPhone = "UIInterfaceOrientationPortrait UIInterfaceOrientationLandscapeLeft UIInterfaceOrientationLandscapeRight";
				LD_RUNPATH_SEARCH_PATHS = (
					"$(inherited)",
					"@executable_path/Frameworks",
				);
				MARKETING_VERSION = 1.0;
				PRODUCT_BUNDLE_IDENTIFIER = "Task-list.CoctailAppTest";
				PRODUCT_NAME = "$(TARGET_NAME)";
				SWIFT_EMIT_LOC_STRINGS = YES;
				SWIFT_VERSION = 5.0;
				TARGETED_DEVICE_FAMILY = "1,2";
			};
			name = Release;
		};
/* End XCBuildConfiguration section */

/* Begin XCConfigurationList section */
		999F7AD327FE506000DB86C3 /* Build configuration list for PBXProject "CoctailAppTest" */ = {
			isa = XCConfigurationList;
			buildConfigurations = (
				999F7AEA27FE506300DB86C3 /* Debug */,
				999F7AEB27FE506300DB86C3 /* Release */,
			);
			defaultConfigurationIsVisible = 0;
			defaultConfigurationName = Release;
		};
		999F7AEC27FE506300DB86C3 /* Build configuration list for PBXNativeTarget "CoctailAppTest" */ = {
			isa = XCConfigurationList;
			buildConfigurations = (
				999F7AED27FE506300DB86C3 /* Debug */,
				999F7AEE27FE506300DB86C3 /* Release */,
			);
			defaultConfigurationIsVisible = 0;
			defaultConfigurationName = Release;
		};
/* End XCConfigurationList section */
	};
	rootObject = 999F7AD027FE506000DB86C3 /* Project object */;
}
